
Microsoft Visual Studio Solution File, Format Version 12.00
# Visual Studio 15
VisualStudioVersion = 15.0.26906.1
MinimumVisualStudioVersion = 10.0.40219.1
Project("{9A19103F-16F7-4668-BE54-9A1E7A4F7556}") = "AspNetCore2.Api.QuickStart", "AspNetCore2.Api.QuickStart\AspNetCore2.Api.QuickStart.csproj", "{818D48CD-342F-4B52-802E-D07947A4A442}"
EndProject
Project("{9A19103F-16F7-4668-BE54-9A1E7A4F7556}") = "AspNetCore2.Api.Reservoirs", "AspNetCore2.Api.Reservoirs\AspNetCore2.Api.Reservoirs.csproj", "{C2D96C48-CF86-44B9-984D-B7B97F00314E}"
EndProject
Project("{2150E333-8FDC-42A3-9474-1A3956D46DE8}") = "Grafana", "Grafana", "{F4AC9D38-CC5C-4DA2-A0A8-06B47BDE8FD3}"
	ProjectSection(SolutionItems) = preProject
		Grafana\AspNetCore2.Api.Reservoirs.json = Grafana\AspNetCore2.Api.Reservoirs.json
	EndProjectSection
EndProject
Global
	GlobalSection(SolutionConfigurationPlatforms) = preSolution
		Debug|Any CPU = Debug|Any CPU
		Release|Any CPU = Release|Any CPU
	EndGlobalSection
	GlobalSection(ProjectConfigurationPlatforms) = postSolution
		{818D48CD-342F-4B52-802E-D07947A4A442}.Debug|Any CPU.ActiveCfg = Debug|Any CPU
		{818D48CD-342F-4B52-802E-D07947A4A442}.Debug|Any CPU.Build.0 = Debug|Any CPU
		{818D48CD-342F-4B52-802E-D07947A4A442}.Release|Any CPU.ActiveCfg = Release|Any CPU
		{818D48CD-342F-4B52-802E-D07947A4A442}.Release|Any CPU.Build.0 = Release|Any CPU
		{C2D96C48-CF86-44B9-984D-B7B97F00314E}.Debug|Any CPU.ActiveCfg = Debug|Any CPU
		{C2D96C48-CF86-44B9-984D-B7B97F00314E}.Debug|Any CPU.Build.0 = Debug|Any CPU
		{C2D96C48-CF86-44B9-984D-B7B97F00314E}.Release|Any CPU.ActiveCfg = Release|Any CPU
		{C2D96C48-CF86-44B9-984D-B7B97F00314E}.Release|Any CPU.Build.0 = Release|Any CPU
	EndGlobalSection
	GlobalSection(SolutionProperties) = preSolution
		HideSolutionNode = FALSE
	EndGlobalSection
	GlobalSection(ExtensibilityGlobals) = postSolution
		SolutionGuid = {0694EA94-677D-4B1A-AD3C-CF07BADCFDEE}
	EndGlobalSection
EndGlobal
